
Microsoft Visual Studio Solution File, Format Version 12.00
# Visual Studio Version 17
VisualStudioVersion = 17.3.32901.215
MinimumVisualStudioVersion = 10.0.40219.1
Project("{FAE04EC0-301F-11D3-BF4B-00C04F79EFBC}") = "a05", "a05\a05.csproj", "{6ECF8CD1-C760-4C11-843B-5183623DF50D}"
EndProject
Global
	GlobalSection(SolutionConfigurationPlatforms) = preSolution
		Debug|Any CPU = Debug|Any CPU
		Release|Any CPU = Release|Any CPU
	EndGlobalSection
	GlobalSection(ProjectConfigurationPlatforms) = postSolution
		{6ECF8CD1-C760-4C11-843B-5183623DF50D}.Debug|Any CPU.ActiveCfg = Debug|Any CPU
		{6ECF8CD1-C760-4C11-843B-5183623DF50D}.Debug|Any CPU.Build.0 = Debug|Any CPU
		{6ECF8CD1-C760-4C11-843B-5183623DF50D}.Release|Any CPU.ActiveCfg = Release|Any CPU
		{6ECF8CD1-C760-4C11-843B-5183623DF50D}.Release|Any CPU.Build.0 = Release|Any CPU
	EndGlobalSection
	GlobalSection(SolutionProperties) = preSolution
		HideSolutionNode = FALSE
	EndGlobalSection
	GlobalSection(ExtensibilityGlobals) = postSolution
		SolutionGuid = {19C8113A-C5B3-4C15-B8EB-6908A2CBD12D}
	EndGlobalSection
EndGlobal
