
Microsoft Visual Studio Solution File, Format Version 12.00
# Visual Studio Version 17
VisualStudioVersion = 17.3.32901.215
MinimumVisualStudioVersion = 10.0.40219.1
Project("{FAE04EC0-301F-11D3-BF4B-00C04F79EFBC}") = "Client", "Client\Client.csproj", "{183861FE-3745-4EC0-B755-2DBD82CDACA9}"
EndProject
Project("{FAE04EC0-301F-11D3-BF4B-00C04F79EFBC}") = "Server", "Server\Server.csproj", "{C0C27123-EBC3-496D-97A5-8C0932D0D760}"
EndProject
Global
	GlobalSection(SolutionConfigurationPlatforms) = preSolution
		Debug|Any CPU = Debug|Any CPU
		Release|Any CPU = Release|Any CPU
	EndGlobalSection
	GlobalSection(ProjectConfigurationPlatforms) = postSolution
		{183861FE-3745-4EC0-B755-2DBD82CDACA9}.Debug|Any CPU.ActiveCfg = Debug|Any CPU
		{183861FE-3745-4EC0-B755-2DBD82CDACA9}.Debug|Any CPU.Build.0 = Debug|Any CPU
		{183861FE-3745-4EC0-B755-2DBD82CDACA9}.Release|Any CPU.ActiveCfg = Release|Any CPU
		{183861FE-3745-4EC0-B755-2DBD82CDACA9}.Release|Any CPU.Build.0 = Release|Any CPU
		{C0C27123-EBC3-496D-97A5-8C0932D0D760}.Debug|Any CPU.ActiveCfg = Debug|Any CPU
		{C0C27123-EBC3-496D-97A5-8C0932D0D760}.Debug|Any CPU.Build.0 = Debug|Any CPU
		{C0C27123-EBC3-496D-97A5-8C0932D0D760}.Release|Any CPU.ActiveCfg = Release|Any CPU
		{C0C27123-EBC3-496D-97A5-8C0932D0D760}.Release|Any CPU.Build.0 = Release|Any CPU
	EndGlobalSection
	GlobalSection(SolutionProperties) = preSolution
		HideSolutionNode = FALSE
	EndGlobalSection
	GlobalSection(ExtensibilityGlobals) = postSolution
		SolutionGuid = {339F15BD-2059-4A64-8C13-4131AADC1C6C}
	EndGlobalSection
EndGlobal
